
Microsoft Visual Studio Solution File, Format Version 12.00
# Visual Studio Version 17
VisualStudioVersion = 17.5.33502.453
MinimumVisualStudioVersion = 10.0.40219.1
Project("{8BC9CEB8-8B4A-11D0-8D11-00A0C91BC942}") = "file1", "file1\file1.vcxproj", "{D1A422CC-BD18-41BC-A2A1-E64ED81272D4}"
EndProject
Project("{8BC9CEB8-8B4A-11D0-8D11-00A0C91BC942}") = "file2", "file2\file2.vcxproj", "{4B03CF6C-49DB-499F-975B-C0C88BC8F17C}"
EndProject
Project("{8BC9CEB8-8B4A-11D0-8D11-00A0C91BC942}") = "file3", "file3\file3.vcxproj", "{E09338A5-1FF1-49C7-AAA1-C3770C64AD14}"
EndProject
Project("{8BC9CEB8-8B4A-11D0-8D11-00A0C91BC942}") = "file4", "file4\file4.vcxproj", "{7E65AD15-103C-48A6-83C4-EB0CC9CA35D3}"
EndProject
Project("{8BC9CEB8-8B4A-11D0-8D11-00A0C91BC942}") = "file5", "file5\file5.vcxproj", "{B5F9FD46-3FF9-492A-94FC-7FC19B4ABE33}"
EndProject
Project("{8BC9CEB8-8B4A-11D0-8D11-00A0C91BC942}") = "file6", "file6\file6.vcxproj", "{EB9EEAFB-D73D-487F-A6A3-5102BC1104A3}"
EndProject
Project("{8BC9CEB8-8B4A-11D0-8D11-00A0C91BC942}") = "file7", "file7\file7.vcxproj", "{3D7AD6EF-AC88-487E-881D-BC06F4DCC0CC}"
EndProject
Project("{8BC9CEB8-8B4A-11D0-8D11-00A0C91BC942}") = "file8", "file8\file8.vcxproj", "{380448AF-259D-4F65-8167-1CA0A4EF7F99}"
EndProject
Project("{8BC9CEB8-8B4A-11D0-8D11-00A0C91BC942}") = "file9", "file9\file9.vcxproj", "{93DB536F-8057-44C3-95EE-B39DAD52D8C8}"
EndProject
Project("{8BC9CEB8-8B4A-11D0-8D11-00A0C91BC942}") = "file10", "file10\file10.vcxproj", "{40CE3C25-6620-45AC-97CF-2118993E2009}"
EndProject
Global
	GlobalSection(SolutionConfigurationPlatforms) = preSolution
		Debug|x64 = Debug|x64
		Debug|x86 = Debug|x86
		Release|x64 = Release|x64
		Release|x86 = Release|x86
	EndGlobalSection
	GlobalSection(ProjectConfigurationPlatforms) = postSolution
		{D1A422CC-BD18-41BC-A2A1-E64ED81272D4}.Debug|x64.ActiveCfg = Debug|x64
		{D1A422CC-BD18-41BC-A2A1-E64ED81272D4}.Debug|x64.Build.0 = Debug|x64
		{D1A422CC-BD18-41BC-A2A1-E64ED81272D4}.Debug|x86.ActiveCfg = Debug|Win32
		{D1A422CC-BD18-41BC-A2A1-E64ED81272D4}.Debug|x86.Build.0 = Debug|Win32
		{D1A422CC-BD18-41BC-A2A1-E64ED81272D4}.Release|x64.ActiveCfg = Release|x64
		{D1A422CC-BD18-41BC-A2A1-E64ED81272D4}.Release|x64.Build.0 = Release|x64
		{D1A422CC-BD18-41BC-A2A1-E64ED81272D4}.Release|x86.ActiveCfg = Release|Win32
		{D1A422CC-BD18-41BC-A2A1-E64ED81272D4}.Release|x86.Build.0 = Release|Win32
		{4B03CF6C-49DB-499F-975B-C0C88BC8F17C}.Debug|x64.ActiveCfg = Debug|x64
		{4B03CF6C-49DB-499F-975B-C0C88BC8F17C}.Debug|x64.Build.0 = Debug|x64
		{4B03CF6C-49DB-499F-975B-C0C88BC8F17C}.Debug|x86.ActiveCfg = Debug|Win32
		{4B03CF6C-49DB-499F-975B-C0C88BC8F17C}.Debug|x86.Build.0 = Debug|Win32
		{4B03CF6C-49DB-499F-975B-C0C88BC8F17C}.Release|x64.ActiveCfg = Release|x64
		{4B03CF6C-49DB-499F-975B-C0C88BC8F17C}.Release|x64.Build.0 = Release|x64
		{4B03CF6C-49DB-499F-975B-C0C88BC8F17C}.Release|x86.ActiveCfg = Release|Win32
		{4B03CF6C-49DB-499F-975B-C0C88BC8F17C}.Release|x86.Build.0 = Release|Win32
		{E09338A5-1FF1-49C7-AAA1-C3770C64AD14}.Debug|x64.ActiveCfg = Debug|x64
		{E09338A5-1FF1-49C7-AAA1-C3770C64AD14}.Debug|x64.Build.0 = Debug|x64
		{E09338A5-1FF1-49C7-AAA1-C3770C64AD14}.Debug|x86.ActiveCfg = Debug|Win32
		{E09338A5-1FF1-49C7-AAA1-C3770C64AD14}.Debug|x86.Build.0 = Debug|Win32
		{E09338A5-1FF1-49C7-AAA1-C3770C64AD14}.Release|x64.ActiveCfg = Release|x64
		{E09338A5-1FF1-49C7-AAA1-C3770C64AD14}.Release|x64.Build.0 = Release|x64
		{E09338A5-1FF1-49C7-AAA1-C3770C64AD14}.Release|x86.ActiveCfg = Release|Win32
		{E09338A5-1FF1-49C7-AAA1-C3770C64AD14}.Release|x86.Build.0 = Release|Win32
		{7E65AD15-103C-48A6-83C4-EB0CC9CA35D3}.Debug|x64.ActiveCfg = Debug|x64
		{7E65AD15-103C-48A6-83C4-EB0CC9CA35D3}.Debug|x64.Build.0 = Debug|x64
		{7E65AD15-103C-48A6-83C4-EB0CC9CA35D3}.Debug|x86.ActiveCfg = Debug|Win32
		{7E65AD15-103C-48A6-83C4-EB0CC9CA35D3}.Debug|x86.Build.0 = Debug|Win32
		{7E65AD15-103C-48A6-83C4-EB0CC9CA35D3}.Release|x64.ActiveCfg = Release|x64
		{7E65AD15-103C-48A6-83C4-EB0CC9CA35D3}.Release|x64.Build.0 = Release|x64
		{7E65AD15-103C-48A6-83C4-EB0CC9CA35D3}.Release|x86.ActiveCfg = Release|Win32
		{7E65AD15-103C-48A6-83C4-EB0CC9CA35D3}.Release|x86.Build.0 = Release|Win32
		{B5F9FD46-3FF9-492A-94FC-7FC19B4ABE33}.Debug|x64.ActiveCfg = Debug|x64
		{B5F9FD46-3FF9-492A-94FC-7FC19B4ABE33}.Debug|x64.Build.0 = Debug|x64
		{B5F9FD46-3FF9-492A-94FC-7FC19B4ABE33}.Debug|x86.ActiveCfg = Debug|Win32
		{B5F9FD46-3FF9-492A-94FC-7FC19B4ABE33}.Debug|x86.Build.0 = Debug|Win32
		{B5F9FD46-3FF9-492A-94FC-7FC19B4ABE33}.Release|x64.ActiveCfg = Release|x64
		{B5F9FD46-3FF9-492A-94FC-7FC19B4ABE33}.Release|x64.Build.0 = Release|x64
		{B5F9FD46-3FF9-492A-94FC-7FC19B4ABE33}.Release|x86.ActiveCfg = Release|Win32
		{B5F9FD46-3FF9-492A-94FC-7FC19B4ABE33}.Release|x86.Build.0 = Release|Win32
		{EB9EEAFB-D73D-487F-A6A3-5102BC1104A3}.Debug|x64.ActiveCfg = Debug|x64
		{EB9EEAFB-D73D-487F-A6A3-5102BC1104A3}.Debug|x64.Build.0 = Debug|x64
		{EB9EEAFB-D73D-487F-A6A3-5102BC1104A3}.Debug|x86.ActiveCfg = Debug|Win32
		{EB9EEAFB-D73D-487F-A6A3-5102BC1104A3}.Debug|x86.Build.0 = Debug|Win32
		{EB9EEAFB-D73D-487F-A6A3-5102BC1104A3}.Release|x64.ActiveCfg = Release|x64
		{EB9EEAFB-D73D-487F-A6A3-5102BC1104A3}.Release|x64.Build.0 = Release|x64
		{EB9EEAFB-D73D-487F-A6A3-5102BC1104A3}.Release|x86.ActiveCfg = Release|Win32
		{EB9EEAFB-D73D-487F-A6A3-5102BC1104A3}.Release|x86.Build.0 = Release|Win32
		{3D7AD6EF-AC88-487E-881D-BC06F4DCC0CC}.Debug|x64.ActiveCfg = Debug|x64
		{3D7AD6EF-AC88-487E-881D-BC06F4DCC0CC}.Debug|x64.Build.0 = Debug|x64
		{3D7AD6EF-AC88-487E-881D-BC06F4DCC0CC}.Debug|x86.ActiveCfg = Debug|Win32
		{3D7AD6EF-AC88-487E-881D-BC06F4DCC0CC}.Debug|x86.Build.0 = Debug|Win32
		{3D7AD6EF-AC88-487E-881D-BC06F4DCC0CC}.Release|x64.ActiveCfg = Release|x64
		{3D7AD6EF-AC88-487E-881D-BC06F4DCC0CC}.Release|x64.Build.0 = Release|x64
		{3D7AD6EF-AC88-487E-881D-BC06F4DCC0CC}.Release|x86.ActiveCfg = Release|Win32
		{3D7AD6EF-AC88-487E-881D-BC06F4DCC0CC}.Release|x86.Build.0 = Release|Win32
		{380448AF-259D-4F65-8167-1CA0A4EF7F99}.Debug|x64.ActiveCfg = Debug|x64
		{380448AF-259D-4F65-8167-1CA0A4EF7F99}.Debug|x64.Build.0 = Debug|x64
		{380448AF-259D-4F65-8167-1CA0A4EF7F99}.Debug|x86.ActiveCfg = Debug|Win32
		{380448AF-259D-4F65-8167-1CA0A4EF7F99}.Debug|x86.Build.0 = Debug|Win32
		{380448AF-259D-4F65-8167-1CA0A4EF7F99}.Release|x64.ActiveCfg = Release|x64
		{380448AF-259D-4F65-8167-1CA0A4EF7F99}.Release|x64.Build.0 = Release|x64
		{380448AF-259D-4F65-8167-1CA0A4EF7F99}.Release|x86.ActiveCfg = Release|Win32
		{380448AF-259D-4F65-8167-1CA0A4EF7F99}.Release|x86.Build.0 = Release|Win32
		{93DB536F-8057-44C3-95EE-B39DAD52D8C8}.Debug|x64.ActiveCfg = Debug|x64
		{93DB536F-8057-44C3-95EE-B39DAD52D8C8}.Debug|x64.Build.0 = Debug|x64
		{93DB536F-8057-44C3-95EE-B39DAD52D8C8}.Debug|x86.ActiveCfg = Debug|Win32
		{93DB536F-8057-44C3-95EE-B39DAD52D8C8}.Debug|x86.Build.0 = Debug|Win32
		{93DB536F-8057-44C3-95EE-B39DAD52D8C8}.Release|x64.ActiveCfg = Release|x64
		{93DB536F-8057-44C3-95EE-B39DAD52D8C8}.Release|x64.Build.0 = Release|x64
		{93DB536F-8057-44C3-95EE-B39DAD52D8C8}.Release|x86.ActiveCfg = Release|Win32
		{93DB536F-8057-44C3-95EE-B39DAD52D8C8}.Release|x86.Build.0 = Release|Win32
		{40CE3C25-6620-45AC-97CF-2118993E2009}.Debug|x64.ActiveCfg = Debug|x64
		{40CE3C25-6620-45AC-97CF-2118993E2009}.Debug|x64.Build.0 = Debug|x64
		{40CE3C25-6620-45AC-97CF-2118993E2009}.Debug|x86.ActiveCfg = Debug|Win32
		{40CE3C25-6620-45AC-97CF-2118993E2009}.Debug|x86.Build.0 = Debug|Win32
		{40CE3C25-6620-45AC-97CF-2118993E2009}.Release|x64.ActiveCfg = Release|x64
		{40CE3C25-6620-45AC-97CF-2118993E2009}.Release|x64.Build.0 = Release|x64
		{40CE3C25-6620-45AC-97CF-2118993E2009}.Release|x86.ActiveCfg = Release|Win32
		{40CE3C25-6620-45AC-97CF-2118993E2009}.Release|x86.Build.0 = Release|Win32
	EndGlobalSection
	GlobalSection(SolutionProperties) = preSolution
		HideSolutionNode = FALSE
	EndGlobalSection
	GlobalSection(ExtensibilityGlobals) = postSolution
		SolutionGuid = {2D1802B6-121B-4EFB-B3FB-580ED43078C5}
	EndGlobalSection
EndGlobal
