
Microsoft Visual Studio Solution File, Format Version 12.00
# Visual Studio Version 17
VisualStudioVersion = 17.5.33502.453
MinimumVisualStudioVersion = 10.0.40219.1
Project("{8BC9CEB8-8B4A-11D0-8D11-00A0C91BC942}") = "list1", "list1\list1.vcxproj", "{2793F112-90A1-4B3F-B011-7C64EF8239E3}"
EndProject
Project("{8BC9CEB8-8B4A-11D0-8D11-00A0C91BC942}") = "list2", "list2\list2.vcxproj", "{25099CC9-DC1F-4EC2-8B6A-BAE9358885F2}"
EndProject
Project("{8BC9CEB8-8B4A-11D0-8D11-00A0C91BC942}") = "list2cpp", "list\list.vcxproj", "{9FC0AFFD-8118-40BB-BFAC-F5E292DDE8B6}"
EndProject
Project("{8BC9CEB8-8B4A-11D0-8D11-00A0C91BC942}") = "list3", "list3\list3.vcxproj", "{DB5E95DB-0D7E-44C6-9613-3DC02B990B85}"
EndProject
Project("{8BC9CEB8-8B4A-11D0-8D11-00A0C91BC942}") = "list4", "list4\list4.vcxproj", "{9FC8B342-1A69-4898-A13D-82A657A9F2F9}"
EndProject
Project("{8BC9CEB8-8B4A-11D0-8D11-00A0C91BC942}") = "list5", "list5\list5.vcxproj", "{3FD51EE4-1B21-477A-8245-C79F46AE1D56}"
EndProject
Project("{8BC9CEB8-8B4A-11D0-8D11-00A0C91BC942}") = "list6", "list6\list6.vcxproj", "{9659CE9D-BA4F-45CE-8B99-E90045733EA1}"
EndProject
Project("{8BC9CEB8-8B4A-11D0-8D11-00A0C91BC942}") = "list7", "list7\list7.vcxproj", "{1F8091F6-D148-49F4-A0D7-43A3E625361C}"
EndProject
Project("{8BC9CEB8-8B4A-11D0-8D11-00A0C91BC942}") = "list8", "list8\list8.vcxproj", "{B209B6FA-6ECB-4717-AF8A-A1B381A3E934}"
EndProject
Project("{8BC9CEB8-8B4A-11D0-8D11-00A0C91BC942}") = "list9", "list9\list9.vcxproj", "{0A1E4F08-BE2E-43C5-9BB1-F17D25945FBD}"
EndProject
Project("{8BC9CEB8-8B4A-11D0-8D11-00A0C91BC942}") = "list10", "list10\list10.vcxproj", "{B8B1469C-B693-4FCB-BA04-AADAF325B7B8}"
EndProject
Project("{8BC9CEB8-8B4A-11D0-8D11-00A0C91BC942}") = "list11", "list11\list11.vcxproj", "{5E108E2E-FB51-4200-9004-8745562D2710}"
EndProject
Global
	GlobalSection(SolutionConfigurationPlatforms) = preSolution
		Debug|x64 = Debug|x64
		Debug|x86 = Debug|x86
		Release|x64 = Release|x64
		Release|x86 = Release|x86
	EndGlobalSection
	GlobalSection(ProjectConfigurationPlatforms) = postSolution
		{2793F112-90A1-4B3F-B011-7C64EF8239E3}.Debug|x64.ActiveCfg = Debug|x64
		{2793F112-90A1-4B3F-B011-7C64EF8239E3}.Debug|x64.Build.0 = Debug|x64
		{2793F112-90A1-4B3F-B011-7C64EF8239E3}.Debug|x86.ActiveCfg = Debug|Win32
		{2793F112-90A1-4B3F-B011-7C64EF8239E3}.Debug|x86.Build.0 = Debug|Win32
		{2793F112-90A1-4B3F-B011-7C64EF8239E3}.Release|x64.ActiveCfg = Release|x64
		{2793F112-90A1-4B3F-B011-7C64EF8239E3}.Release|x64.Build.0 = Release|x64
		{2793F112-90A1-4B3F-B011-7C64EF8239E3}.Release|x86.ActiveCfg = Release|Win32
		{2793F112-90A1-4B3F-B011-7C64EF8239E3}.Release|x86.Build.0 = Release|Win32
		{25099CC9-DC1F-4EC2-8B6A-BAE9358885F2}.Debug|x64.ActiveCfg = Debug|x64
		{25099CC9-DC1F-4EC2-8B6A-BAE9358885F2}.Debug|x64.Build.0 = Debug|x64
		{25099CC9-DC1F-4EC2-8B6A-BAE9358885F2}.Debug|x86.ActiveCfg = Debug|Win32
		{25099CC9-DC1F-4EC2-8B6A-BAE9358885F2}.Debug|x86.Build.0 = Debug|Win32
		{25099CC9-DC1F-4EC2-8B6A-BAE9358885F2}.Release|x64.ActiveCfg = Release|x64
		{25099CC9-DC1F-4EC2-8B6A-BAE9358885F2}.Release|x64.Build.0 = Release|x64
		{25099CC9-DC1F-4EC2-8B6A-BAE9358885F2}.Release|x86.ActiveCfg = Release|Win32
		{25099CC9-DC1F-4EC2-8B6A-BAE9358885F2}.Release|x86.Build.0 = Release|Win32
		{9FC0AFFD-8118-40BB-BFAC-F5E292DDE8B6}.Debug|x64.ActiveCfg = Debug|x64
		{9FC0AFFD-8118-40BB-BFAC-F5E292DDE8B6}.Debug|x64.Build.0 = Debug|x64
		{9FC0AFFD-8118-40BB-BFAC-F5E292DDE8B6}.Debug|x86.ActiveCfg = Debug|Win32
		{9FC0AFFD-8118-40BB-BFAC-F5E292DDE8B6}.Debug|x86.Build.0 = Debug|Win32
		{9FC0AFFD-8118-40BB-BFAC-F5E292DDE8B6}.Release|x64.ActiveCfg = Release|x64
		{9FC0AFFD-8118-40BB-BFAC-F5E292DDE8B6}.Release|x64.Build.0 = Release|x64
		{9FC0AFFD-8118-40BB-BFAC-F5E292DDE8B6}.Release|x86.ActiveCfg = Release|Win32
		{9FC0AFFD-8118-40BB-BFAC-F5E292DDE8B6}.Release|x86.Build.0 = Release|Win32
		{DB5E95DB-0D7E-44C6-9613-3DC02B990B85}.Debug|x64.ActiveCfg = Debug|x64
		{DB5E95DB-0D7E-44C6-9613-3DC02B990B85}.Debug|x64.Build.0 = Debug|x64
		{DB5E95DB-0D7E-44C6-9613-3DC02B990B85}.Debug|x86.ActiveCfg = Debug|Win32
		{DB5E95DB-0D7E-44C6-9613-3DC02B990B85}.Debug|x86.Build.0 = Debug|Win32
		{DB5E95DB-0D7E-44C6-9613-3DC02B990B85}.Release|x64.ActiveCfg = Release|x64
		{DB5E95DB-0D7E-44C6-9613-3DC02B990B85}.Release|x64.Build.0 = Release|x64
		{DB5E95DB-0D7E-44C6-9613-3DC02B990B85}.Release|x86.ActiveCfg = Release|Win32
		{DB5E95DB-0D7E-44C6-9613-3DC02B990B85}.Release|x86.Build.0 = Release|Win32
		{9FC8B342-1A69-4898-A13D-82A657A9F2F9}.Debug|x64.ActiveCfg = Debug|x64
		{9FC8B342-1A69-4898-A13D-82A657A9F2F9}.Debug|x64.Build.0 = Debug|x64
		{9FC8B342-1A69-4898-A13D-82A657A9F2F9}.Debug|x86.ActiveCfg = Debug|Win32
		{9FC8B342-1A69-4898-A13D-82A657A9F2F9}.Debug|x86.Build.0 = Debug|Win32
		{9FC8B342-1A69-4898-A13D-82A657A9F2F9}.Release|x64.ActiveCfg = Release|x64
		{9FC8B342-1A69-4898-A13D-82A657A9F2F9}.Release|x64.Build.0 = Release|x64
		{9FC8B342-1A69-4898-A13D-82A657A9F2F9}.Release|x86.ActiveCfg = Release|Win32
		{9FC8B342-1A69-4898-A13D-82A657A9F2F9}.Release|x86.Build.0 = Release|Win32
		{3FD51EE4-1B21-477A-8245-C79F46AE1D56}.Debug|x64.ActiveCfg = Debug|x64
		{3FD51EE4-1B21-477A-8245-C79F46AE1D56}.Debug|x64.Build.0 = Debug|x64
		{3FD51EE4-1B21-477A-8245-C79F46AE1D56}.Debug|x86.ActiveCfg = Debug|Win32
		{3FD51EE4-1B21-477A-8245-C79F46AE1D56}.Debug|x86.Build.0 = Debug|Win32
		{3FD51EE4-1B21-477A-8245-C79F46AE1D56}.Release|x64.ActiveCfg = Release|x64
		{3FD51EE4-1B21-477A-8245-C79F46AE1D56}.Release|x64.Build.0 = Release|x64
		{3FD51EE4-1B21-477A-8245-C79F46AE1D56}.Release|x86.ActiveCfg = Release|Win32
		{3FD51EE4-1B21-477A-8245-C79F46AE1D56}.Release|x86.Build.0 = Release|Win32
		{9659CE9D-BA4F-45CE-8B99-E90045733EA1}.Debug|x64.ActiveCfg = Debug|x64
		{9659CE9D-BA4F-45CE-8B99-E90045733EA1}.Debug|x64.Build.0 = Debug|x64
		{9659CE9D-BA4F-45CE-8B99-E90045733EA1}.Debug|x86.ActiveCfg = Debug|Win32
		{9659CE9D-BA4F-45CE-8B99-E90045733EA1}.Debug|x86.Build.0 = Debug|Win32
		{9659CE9D-BA4F-45CE-8B99-E90045733EA1}.Release|x64.ActiveCfg = Release|x64
		{9659CE9D-BA4F-45CE-8B99-E90045733EA1}.Release|x64.Build.0 = Release|x64
		{9659CE9D-BA4F-45CE-8B99-E90045733EA1}.Release|x86.ActiveCfg = Release|Win32
		{9659CE9D-BA4F-45CE-8B99-E90045733EA1}.Release|x86.Build.0 = Release|Win32
		{1F8091F6-D148-49F4-A0D7-43A3E625361C}.Debug|x64.ActiveCfg = Debug|x64
		{1F8091F6-D148-49F4-A0D7-43A3E625361C}.Debug|x64.Build.0 = Debug|x64
		{1F8091F6-D148-49F4-A0D7-43A3E625361C}.Debug|x86.ActiveCfg = Debug|Win32
		{1F8091F6-D148-49F4-A0D7-43A3E625361C}.Debug|x86.Build.0 = Debug|Win32
		{1F8091F6-D148-49F4-A0D7-43A3E625361C}.Release|x64.ActiveCfg = Release|x64
		{1F8091F6-D148-49F4-A0D7-43A3E625361C}.Release|x64.Build.0 = Release|x64
		{1F8091F6-D148-49F4-A0D7-43A3E625361C}.Release|x86.ActiveCfg = Release|Win32
		{1F8091F6-D148-49F4-A0D7-43A3E625361C}.Release|x86.Build.0 = Release|Win32
		{B209B6FA-6ECB-4717-AF8A-A1B381A3E934}.Debug|x64.ActiveCfg = Debug|x64
		{B209B6FA-6ECB-4717-AF8A-A1B381A3E934}.Debug|x64.Build.0 = Debug|x64
		{B209B6FA-6ECB-4717-AF8A-A1B381A3E934}.Debug|x86.ActiveCfg = Debug|Win32
		{B209B6FA-6ECB-4717-AF8A-A1B381A3E934}.Debug|x86.Build.0 = Debug|Win32
		{B209B6FA-6ECB-4717-AF8A-A1B381A3E934}.Release|x64.ActiveCfg = Release|x64
		{B209B6FA-6ECB-4717-AF8A-A1B381A3E934}.Release|x64.Build.0 = Release|x64
		{B209B6FA-6ECB-4717-AF8A-A1B381A3E934}.Release|x86.ActiveCfg = Release|Win32
		{B209B6FA-6ECB-4717-AF8A-A1B381A3E934}.Release|x86.Build.0 = Release|Win32
		{0A1E4F08-BE2E-43C5-9BB1-F17D25945FBD}.Debug|x64.ActiveCfg = Debug|x64
		{0A1E4F08-BE2E-43C5-9BB1-F17D25945FBD}.Debug|x64.Build.0 = Debug|x64
		{0A1E4F08-BE2E-43C5-9BB1-F17D25945FBD}.Debug|x86.ActiveCfg = Debug|Win32
		{0A1E4F08-BE2E-43C5-9BB1-F17D25945FBD}.Debug|x86.Build.0 = Debug|Win32
		{0A1E4F08-BE2E-43C5-9BB1-F17D25945FBD}.Release|x64.ActiveCfg = Release|x64
		{0A1E4F08-BE2E-43C5-9BB1-F17D25945FBD}.Release|x64.Build.0 = Release|x64
		{0A1E4F08-BE2E-43C5-9BB1-F17D25945FBD}.Release|x86.ActiveCfg = Release|Win32
		{0A1E4F08-BE2E-43C5-9BB1-F17D25945FBD}.Release|x86.Build.0 = Release|Win32
		{B8B1469C-B693-4FCB-BA04-AADAF325B7B8}.Debug|x64.ActiveCfg = Debug|x64
		{B8B1469C-B693-4FCB-BA04-AADAF325B7B8}.Debug|x64.Build.0 = Debug|x64
		{B8B1469C-B693-4FCB-BA04-AADAF325B7B8}.Debug|x86.ActiveCfg = Debug|Win32
		{B8B1469C-B693-4FCB-BA04-AADAF325B7B8}.Debug|x86.Build.0 = Debug|Win32
		{B8B1469C-B693-4FCB-BA04-AADAF325B7B8}.Release|x64.ActiveCfg = Release|x64
		{B8B1469C-B693-4FCB-BA04-AADAF325B7B8}.Release|x64.Build.0 = Release|x64
		{B8B1469C-B693-4FCB-BA04-AADAF325B7B8}.Release|x86.ActiveCfg = Release|Win32
		{B8B1469C-B693-4FCB-BA04-AADAF325B7B8}.Release|x86.Build.0 = Release|Win32
		{5E108E2E-FB51-4200-9004-8745562D2710}.Debug|x64.ActiveCfg = Debug|x64
		{5E108E2E-FB51-4200-9004-8745562D2710}.Debug|x64.Build.0 = Debug|x64
		{5E108E2E-FB51-4200-9004-8745562D2710}.Debug|x86.ActiveCfg = Debug|Win32
		{5E108E2E-FB51-4200-9004-8745562D2710}.Debug|x86.Build.0 = Debug|Win32
		{5E108E2E-FB51-4200-9004-8745562D2710}.Release|x64.ActiveCfg = Release|x64
		{5E108E2E-FB51-4200-9004-8745562D2710}.Release|x64.Build.0 = Release|x64
		{5E108E2E-FB51-4200-9004-8745562D2710}.Release|x86.ActiveCfg = Release|Win32
		{5E108E2E-FB51-4200-9004-8745562D2710}.Release|x86.Build.0 = Release|Win32
	EndGlobalSection
	GlobalSection(SolutionProperties) = preSolution
		HideSolutionNode = FALSE
	EndGlobalSection
	GlobalSection(ExtensibilityGlobals) = postSolution
		SolutionGuid = {51C854E4-856E-424B-9F33-F53F1730FF0D}
	EndGlobalSection
EndGlobal
